Microsoft Visual Studio Solution File, Format Version 12.00
# Visual Studio Version 17
VisualStudioVersion = 17.5.2.0
MinimumVisualStudioVersion = 10.0.40219.1
Project("{FAE04EC0-301F-11D3-BF4B-00C04F79EFBC}") = "AILegalAsst", "AILegalAsst.csproj", "{024826F7-389E-2490-28FE-6451B833A7A9}"
EndProject
Project("{FAE04EC0-301F-11D3-BF4B-00C04F79EFBC}") = "AILegalAsst.Tests", "..\AILegalAsst.Tests\AILegalAsst.Tests.csproj", "{B1234567-89AB-CDEF-0123-456789ABCDEF}"
EndProject
Global
	GlobalSection(SolutionConfigurationPlatforms) = preSolution
		Debug|Any CPU = Debug|Any CPU
		Release|Any CPU = Release|Any CPU
	EndGlobalSection
	GlobalSection(ProjectConfigurationPlatforms) = postSolution
		{024826F7-389E-2490-28FE-6451B833A7A9}.Debug|Any CPU.ActiveCfg = Debug|Any CPU
		{024826F7-389E-2490-28FE-6451B833A7A9}.Debug|Any CPU.Build.0 = Debug|Any CPU
		{024826F7-389E-2490-28FE-6451B833A7A9}.Release|Any CPU.ActiveCfg = Release|Any CPU
		{024826F7-389E-2490-28FE-6451B833A7A9}.Release|Any CPU.Build.0 = Release|Any CPU
		{B1234567-89AB-CDEF-0123-456789ABCDEF}.Debug|Any CPU.ActiveCfg = Debug|Any CPU
		{B1234567-89AB-CDEF-0123-456789ABCDEF}.Debug|Any CPU.Build.0 = Debug|Any CPU
		{B1234567-89AB-CDEF-0123-456789ABCDEF}.Release|Any CPU.ActiveCfg = Release|Any CPU
		{B1234567-89AB-CDEF-0123-456789ABCDEF}.Release|Any CPU.Build.0 = Release|Any CPU
	EndGlobalSection
	GlobalSection(SolutionProperties) = preSolution
		HideSolutionNode = FALSE
	EndGlobalSection
	GlobalSection(ExtensibilityGlobals) = postSolution
		SolutionGuid = {19BF7702-5AC0-4755-AF89-7ED71EE44195}
	EndGlobalSection
EndGlobal
